
Microsoft Visual Studio Solution File, Format Version 12.00
# Visual Studio Version 17
VisualStudioVersion = 17.0.32014.148
MinimumVisualStudioVersion = 10.0.40219.1
Project("{9A19103F-16F7-4668-BE54-9A1E7A4F7556}") = "Torpedo", "Torpedo\Torpedo.csproj", "{E6BFA77E-15A3-4E84-B3E4-F61AEB515E03}"
EndProject
Project("{FAE04EC0-301F-11D3-BF4B-00C04F79EFBC}") = "TorpedoTests", "TorpedoTests\TorpedoTests.csproj", "{D2E99413-28F7-4AB4-9E51-3EA748F87CC9}"
EndProject
Global
	GlobalSection(SolutionConfigurationPlatforms) = preSolution
		Debug|Any CPU = Debug|Any CPU
		Release|Any CPU = Release|Any CPU
	EndGlobalSection
	GlobalSection(ProjectConfigurationPlatforms) = postSolution
		{E6BFA77E-15A3-4E84-B3E4-F61AEB515E03}.Debug|Any CPU.ActiveCfg = Debug|Any CPU
		{E6BFA77E-15A3-4E84-B3E4-F61AEB515E03}.Debug|Any CPU.Build.0 = Debug|Any CPU
		{E6BFA77E-15A3-4E84-B3E4-F61AEB515E03}.Release|Any CPU.ActiveCfg = Release|Any CPU
		{E6BFA77E-15A3-4E84-B3E4-F61AEB515E03}.Release|Any CPU.Build.0 = Release|Any CPU
		{D2E99413-28F7-4AB4-9E51-3EA748F87CC9}.Debug|Any CPU.ActiveCfg = Debug|Any CPU
		{D2E99413-28F7-4AB4-9E51-3EA748F87CC9}.Debug|Any CPU.Build.0 = Debug|Any CPU
		{D2E99413-28F7-4AB4-9E51-3EA748F87CC9}.Release|Any CPU.ActiveCfg = Release|Any CPU
		{D2E99413-28F7-4AB4-9E51-3EA748F87CC9}.Release|Any CPU.Build.0 = Release|Any CPU
	EndGlobalSection
	GlobalSection(SolutionProperties) = preSolution
		HideSolutionNode = FALSE
	EndGlobalSection
	GlobalSection(ExtensibilityGlobals) = postSolution
		SolutionGuid = {715DF1CC-BA55-45BA-B4DC-A01193DCA6F8}
	EndGlobalSection
EndGlobal
